<?xml version="1.0" encoding="utf-8"?>
<Project ToolsVersion="4.0" xmlns="http://schemas.microsoft.com/developer/msbuild/2003">
  <ItemGroup>
    <Filter Include="Generated Files">
      <UniqueIdentifier>{71ED8ED8-ACB9-4CE9-BBE1-E00B30144E11}</UniqueIdentifier>
      <Extensions>cpp;c;cxx;moc;h;def;odl;idl;res;</Extensions>
    </Filter>
    <Filter Include="Generated Files">
      <UniqueIdentifier>{71ED8ED8-ACB9-4CE9-BBE1-E00B30144E11}</UniqueIdentifier>
      <Extensions>cpp;c;cxx;moc;h;def;odl;idl;res;</Extensions>
    </Filter>
    <Filter Include="Header Files">
      <UniqueIdentifier>{93995380-89BD-4b04-88EB-625FBE52EBFB}</UniqueIdentifier>
      <Extensions>h;hpp;hxx;hm;inl;inc;xsd</Extensions>
    </Filter>
    <Filter Include="Header Files">
      <UniqueIdentifier>{93995380-89BD-4b04-88EB-625FBE52EBFB}</UniqueIdentifier>
      <Extensions>h;hpp;hxx;hm;inl;inc;xsd</Extensions>
    </Filter>
    <Filter Include="Resource Files">
      <UniqueIdentifier>{D9D6E242-F8AF-46E4-B9FD-80ECBC20BA3E}</UniqueIdentifier>
      <Extensions>qrc;*</Extensions>
      <ParseFiles>false</ParseFiles>
    </Filter>
    <Filter Include="Resource Files">
      <UniqueIdentifier>{D9D6E242-F8AF-46E4-B9FD-80ECBC20BA3E}</UniqueIdentifier>
      <Extensions>qrc;*</Extensions>
      <ParseFiles>false</ParseFiles>
    </Filter>
    <Filter Include="Source Files">
      <UniqueIdentifier>{4FC737F1-C7A5-4376-A066-2A32D752A2FF}</UniqueIdentifier>
      <Extensions>cpp;c;cxx;def;odl;idl;hpj;bat;asm;asmx</Extensions>
    </Filter>
    <Filter Include="Source Files">
      <UniqueIdentifier>{4FC737F1-C7A5-4376-A066-2A32D752A2FF}</UniqueIdentifier>
      <Extensions>cpp;c;cxx;def;odl;idl;hpj;bat;asm;asmx</Extensions>
    </Filter>
    <Filter Include="Generated Files\Debug">
      <UniqueIdentifier>{1d15835d-396d-40a2-93cb-69c5f1a8f466}</UniqueIdentifier>
      <Extensions>cpp;moc</Extensions>
      <SourceControlFiles>False</SourceControlFiles>
    </Filter>
    <Filter Include="Generated Files\Release">
      <UniqueIdentifier>{02ad960c-4a3a-4aa6-9de2-b3ebf075ad45}</UniqueIdentifier>
      <Extensions>cpp;moc</Extensions>
      <SourceControlFiles>False</SourceControlFiles>
    </Filter>
  </ItemGroup>
  <ItemGroup>
    <ClCompile Include="src\main.cpp">
      <Filter>Source Files</Filter>
    </ClCompile>
    <ClCompile Include="src\core\st_base64.cpp">
      <Filter>Source Files</Filter>
    </ClCompile>
    <ClCompile Include="src\core\st_cache.cpp">
      <Filter>Source Files</Filter>
    </ClCompile>
    <ClCompile Include="src\widget\st_friend.cpp">
      <Filter>Source Files</Filter>
    </ClCompile>
    <ClCompile Include="src\widget\st_group.cpp">
      <Filter>Source Files</Filter>
    </ClCompile>
    <ClCompile Include="src\core\st_log.cpp">
      <Filter>Source Files</Filter>
    </ClCompile>
    <ClCompile Include="src\widget\st_login.cpp">
      <Filter>Source Files</Filter>
    </ClCompile>
    <ClCompile Include="src\widget\st_message.cpp">
      <Filter>Source Files</Filter>
    </ClCompile>
    <ClCompile Include="src\net\st_net.cpp">
      <Filter>Source Files</Filter>
    </ClCompile>
    <ClCompile Include="src\core\st_parsexml.cpp">
      <Filter>Source Files</Filter>
    </ClCompile>
    <ClCompile Include="src\core\st_pixelsize.cpp">
      <Filter>Source Files</Filter>
    </ClCompile>
    <ClCompile Include="src\widget\st_trayicon.cpp">
      <Filter>Source Files</Filter>
    </ClCompile>
    <ClCompile Include="src\core\st_utils.cpp">
      <Filter>Source Files</Filter>
    </ClCompile>
    <ClCompile Include="src\core\st_zebra.cpp">
      <Filter>Source Files</Filter>
    </ClCompile>
    <ClCompile Include="Debug\moc_st_cache.cpp">
      <Filter>Generated Files\Debug</Filter>
    </ClCompile>
    <ClCompile Include="Release\moc_st_cache.cpp">
      <Filter>Generated Files\Release</Filter>
    </ClCompile>
    <ClCompile Include="Debug\moc_st_friend.cpp">
      <Filter>Generated Files\Debug</Filter>
    </ClCompile>
    <ClCompile Include="Release\moc_st_friend.cpp">
      <Filter>Generated Files\Release</Filter>
    </ClCompile>
    <ClCompile Include="Debug\moc_st_group.cpp">
      <Filter>Generated Files\Debug</Filter>
    </ClCompile>
    <ClCompile Include="Release\moc_st_group.cpp">
      <Filter>Generated Files\Release</Filter>
    </ClCompile>
    <ClCompile Include="Debug\moc_st_message.cpp">
      <Filter>Generated Files\Debug</Filter>
    </ClCompile>
    <ClCompile Include="Release\moc_st_message.cpp">
      <Filter>Generated Files\Release</Filter>
    </ClCompile>
    <ClCompile Include="Debug\moc_st_pixelsize.cpp">
      <Filter>Generated Files\Debug</Filter>
    </ClCompile>
    <ClCompile Include="Release\moc_st_pixelsize.cpp">
      <Filter>Generated Files\Release</Filter>
    </ClCompile>
    <ClCompile Include="GeneratedFiles\qrc_qml.cpp">
      <Filter>Generated Files</Filter>
    </ClCompile>
  </ItemGroup>
  <ItemGroup>
    <ClInclude Include="include\im.h">
      <Filter>Header Files</Filter>
    </ClInclude>
    <ClInclude Include="src\core\st_base64.h">
      <Filter>Header Files</Filter>
    </ClInclude>
    <CustomBuild Include="src\core\st_cache.h">
      <Filter>Header Files</Filter>
    </CustomBuild>
    <ClInclude Include="src\core\st_context.h">
      <Filter>Header Files</Filter>
    </ClInclude>
    <CustomBuild Include="src\widget\st_friend.h">
      <Filter>Header Files</Filter>
    </CustomBuild>
    <CustomBuild Include="src\widget\st_group.h">
      <Filter>Header Files</Filter>
    </CustomBuild>
    <ClInclude Include="src\core\st_log.h">
      <Filter>Header Files</Filter>
    </ClInclude>
    <ClInclude Include="src\widget\st_login.h">
      <Filter>Header Files</Filter>
    </ClInclude>
    <CustomBuild Include="src\widget\st_message.h">
      <Filter>Header Files</Filter>
    </CustomBuild>
    <ClInclude Include="src\net\st_net.h">
      <Filter>Header Files</Filter>
    </ClInclude>
    <ClInclude Include="src\core\st_parsexml.h">
      <Filter>Header Files</Filter>
    </ClInclude>
    <CustomBuild Include="src\core\st_pixelsize.h">
      <Filter>Header Files</Filter>
    </CustomBuild>
    <ClInclude Include="src\widget\st_trayicon.h">
      <Filter>Header Files</Filter>
    </ClInclude>
    <ClInclude Include="src\core\st_utils.h">
      <Filter>Header Files</Filter>
    </ClInclude>
    <ClInclude Include="src\core\st_zebra.h">
      <Filter>Header Files</Filter>
    </ClInclude>
  </ItemGroup>
  <ItemGroup>
    <None Include="qml\ChatDisplay.qml">
      <Filter>Resource Files</Filter>
    </None>
    <None Include="qml\ChatList.qml">
      <Filter>Resource Files</Filter>
    </None>
    <None Include="qml\ChatTextInput.qml">
      <Filter>Resource Files</Filter>
    </None>
    <None Include="qml\FriendAndContact.qml">
      <Filter>Resource Files</Filter>
    </None>
    <None Include="qml\FriendList.qml">
      <Filter>Resource Files</Filter>
    </None>
    <None Include="qml\LoginProcess.qml">
      <Filter>Resource Files</Filter>
    </None>
    <None Include="qml\MainWindowButton.qml">
      <Filter>Resource Files</Filter>
    </None>
    <None Include="qml\MainWindowSetting.qml">
      <Filter>Resource Files</Filter>
    </None>
    <None Include="qml\common.js">
      <Filter>Resource Files</Filter>
    </None>
    <None Include="sound\event.wav">
      <Filter>Resource Files</Filter>
    </None>
    <None Include="qml\functions.js">
      <Filter>Resource Files</Filter>
    </None>
    <None Include="qml\login.qml">
      <Filter>Resource Files</Filter>
    </None>
    <None Include="qml\main.qml">
      <Filter>Resource Files</Filter>
    </None>
    <None Include="sound\message.wav">
      <Filter>Resource Files</Filter>
    </None>
    <None Include="sound\online.mp3">
      <Filter>Resource Files</Filter>
    </None>
    <CustomBuild Include="qml.qrc">
      <Filter>Resource Files</Filter>
    </CustomBuild>
    <None Include="img\head\st_ball_white.png">
      <Filter>Resource Files</Filter>
    </None>
    <None Include="img\st_button_close_1.png">
      <Filter>Resource Files</Filter>
    </None>
    <None Include="img\st_button_close_2.png">
      <Filter>Resource Files</Filter>
    </None>
    <None Include="img\st_button_max_1.png">
      <Filter>Resource Files</Filter>
    </None>
    <None Include="img\st_button_max_2.png">
      <Filter>Resource Files</Filter>
    </None>
    <None Include="img\st_button_min_1.png">
      <Filter>Resource Files</Filter>
    </None>
    <None Include="img\st_button_min_2.png">
      <Filter>Resource Files</Filter>
    </None>
    <None Include="img\st_button_normal_1.png">
      <Filter>Resource Files</Filter>
    </None>
    <None Include="img\st_button_normal_2.png">
      <Filter>Resource Files</Filter>
    </None>
    <None Include="img\st_button_search.png">
      <Filter>Resource Files</Filter>
    </None>
    <None Include="img\st_chat_delivery.png">
      <Filter>Resource Files</Filter>
    </None>
    <None Include="img\st_chat_expression.png">
      <Filter>Resource Files</Filter>
    </None>
    <None Include="img\choice\st_chat_list.png">
      <Filter>Resource Files</Filter>
    </None>
    <None Include="img\st_chat_screenshot.png">
      <Filter>Resource Files</Filter>
    </None>
    <None Include="img\choice\st_choice_button.png">
      <Filter>Resource Files</Filter>
    </None>
    <None Include="img\choice\st_contact_list.png">
      <Filter>Resource Files</Filter>
    </None>
    <None Include="img\head\st_message_frame.png">
      <Filter>Resource Files</Filter>
    </None>
    <None Include="img\head\st_message_point.png">
      <Filter>Resource Files</Filter>
    </None>
    <None Include="img\st_qr_code.png">
      <Filter>Resource Files</Filter>
    </None>
    <None Include="img\st_qr_hint.png">
      <Filter>Resource Files</Filter>
    </None>
    <None Include="img\st_qr_point.png">
      <Filter>Resource Files</Filter>
    </None>
    <None Include="img\st_qr_process.png">
      <Filter>Resource Files</Filter>
    </None>
    <None Include="img\st_setting_exit_1.png">
      <Filter>Resource Files</Filter>
    </None>
    <None Include="img\st_setting_exit_2.png">
      <Filter>Resource Files</Filter>
    </None>
    <None Include="img\st_setting_lock_screen_1.png">
      <Filter>Resource Files</Filter>
    </None>
    <None Include="img\st_setting_lock_screen_2.png">
      <Filter>Resource Files</Filter>
    </None>
    <None Include="img\st_setting_no_sound_1.png">
      <Filter>Resource Files</Filter>
    </None>
    <None Include="img\st_setting_no_sound_2.png">
      <Filter>Resource Files</Filter>
    </None>
    <None Include="img\st_setting_sound_1.png">
      <Filter>Resource Files</Filter>
    </None>
    <None Include="img\st_setting_sound_2.png">
      <Filter>Resource Files</Filter>
    </None>
  </ItemGroup>
  <ItemGroup>
    <ResourceCompile Include="ShadowTalk.rc" />
  </ItemGroup>
</Project>